
Microsoft Visual Studio Solution File, Format Version 12.00
Project("{FAE04EC0-301F-11D3-BF4B-00C04F79EFBC}") = "WrapUpDemo", "WrapUpDemo\WrapUpDemo.csproj", "{1D84B9FA-7F0D-4127-923E-6B52D634CDB6}"
EndProject
Global
	GlobalSection(SolutionConfigurationPlatforms) = preSolution
		Debug|Any CPU = Debug|Any CPU
		Release|Any CPU = Release|Any CPU
	EndGlobalSection
	GlobalSection(ProjectConfigurationPlatforms) = postSolution
		{1D84B9FA-7F0D-4127-923E-6B52D634CDB6}.Debug|Any CPU.ActiveCfg = Debug|Any CPU
		{1D84B9FA-7F0D-4127-923E-6B52D634CDB6}.Debug|Any CPU.Build.0 = Debug|Any CPU
		{1D84B9FA-7F0D-4127-923E-6B52D634CDB6}.Release|Any CPU.ActiveCfg = Release|Any CPU
		{1D84B9FA-7F0D-4127-923E-6B52D634CDB6}.Release|Any CPU.Build.0 = Release|Any CPU
	EndGlobalSection
EndGlobal
